// !$*UTF8*$!
{
	archiveVersion = 1;
	classes = {
	};
	objectVersion = 46;
	objects = {

/* Begin PBXBuildFile section */
		18E36E121B4ACA1E00CB16D5 /* main.m in Sources */ = {isa = PBXBuildFile; fileRef = 18E36E111B4ACA1E00CB16D5 /* main.m */; };
		18E36E151B4ACA1E00CB16D5 /* AppDelegate.m in Sources */ = {isa = PBXBuildFile; fileRef = 18E36E141B4ACA1E00CB16D5 /* AppDelegate.m */; };
		18E36E181B4ACA1E00CB16D5 /* ViewController.m in Sources */ = {isa = PBXBuildFile; fileRef = 18E36E171B4ACA1E00CB16D5 /* ViewController.m */; };
		18E36E1D1B4ACA1E00CB16D5 /* Images.xcassets in Resources */ = {isa = PBXBuildFile; fileRef = 18E36E1C1B4ACA1E00CB16D5 /* Images.xcassets */; };
		18E36E201B4ACA1E00CB16D5 /* LaunchScreen.xib in Resources */ = {isa = PBXBuildFile; fileRef = 18E36E1E1B4ACA1E00CB16D5 /* LaunchScreen.xib */; };
		18E36E2C1B4ACA1E00CB16D5 /* ObjectiveC_Uber_Unit2_UnitConverterAppTests.m in Sources */ = {isa = PBXBuildFile; fileRef = 18E36E2B1B4ACA1E00CB16D5 /* ObjectiveC_Uber_Unit2_UnitConverterAppTests.m */; };
		DE170D22A9B007D5D551E7B9 /* libPods.a in Frameworks */ = {isa = PBXBuildFile; fileRef = EF3990625ACF579C361DE92B /* libPods.a */; };
/* End PBXBuildFile section */

/* Begin PBXContainerItemProxy section */
		18E36E261B4ACA1E00CB16D5 /* PBXContainerItemProxy */ = {
			isa = PBXContainerItemProxy;
			containerPortal = 18E36E041B4ACA1E00CB16D5 /* Project object */;
			proxyType = 1;
			remoteGlobalIDString = 18E36E0B1B4ACA1E00CB16D5;
			remoteInfo = ObjectiveC_Uber_Unit2_UnitConverterApp;
		};
/* End PBXContainerItemProxy section */

/* Begin PBXFileReference section */
		18E36E0C1B4ACA1E00CB16D5 /* ObjectiveC_Uber_Unit2_UnitConverterApp.app */ = {isa = PBXFileReference; explicitFileType = wrapper.application; includeInIndex = 0; path = ObjectiveC_Uber_Unit2_UnitConverterApp.app; sourceTree = BUILT_PRODUCTS_DIR; };
		18E36E101B4ACA1E00CB16D5 /* Info.plist */ = {isa = PBXFileReference; lastKnownFileType = text.plist.xml; path = Info.plist; sourceTree = "<group>"; };
		18E36E111B4ACA1E00CB16D5 /* main.m */ = {isa = PBXFileReference; lastKnownFileType = sourcecode.c.objc; path = main.m; sourceTree = "<group>"; };
		18E36E131B4ACA1E00CB16D5 /* AppDelegate.h */ = {isa = PBXFileReference; lastKnownFileType = sourcecode.c.h; path = AppDelegate.h; sourceTree = "<group>"; };
		18E36E141B4ACA1E00CB16D5 /* AppDelegate.m */ = {isa = PBXFileReference; lastKnownFileType = sourcecode.c.objc; path = AppDelegate.m; sourceTree = "<group>"; };
		18E36E161B4ACA1E00CB16D5 /* ViewController.h */ = {isa = PBXFileReference; lastKnownFileType = sourcecode.c.h; path = ViewController.h; sourceTree = "<group>"; };
		18E36E171B4ACA1E00CB16D5 /* ViewController.m */ = {isa = PBXFileReference; lastKnownFileType = sourcecode.c.objc; path = ViewController.m; sourceTree = "<group>"; };
		18E36E1C1B4ACA1E00CB16D5 /* Images.xcassets */ = {isa = PBXFileReference; lastKnownFileType = folder.assetcatalog; path = Images.xcassets; sourceTree = "<group>"; };
		18E36E1F1B4ACA1E00CB16D5 /* Base */ = {isa = PBXFileReference; lastKnownFileType = file.xib; name = Base; path = Base.lproj/LaunchScreen.xib; sourceTree = "<group>"; };
		18E36E251B4ACA1E00CB16D5 /* ObjectiveC_Uber_Unit2_UnitConverterAppTests.xctest */ = {isa = PBXFileReference; explicitFileType = wrapper.cfbundle; includeInIndex = 0; path = ObjectiveC_Uber_Unit2_UnitConverterAppTests.xctest; sourceTree = BUILT_PRODUCTS_DIR; };
		18E36E2A1B4ACA1E00CB16D5 /* Info.plist */ = {isa = PBXFileReference; lastKnownFileType = text.plist.xml; path = Info.plist; sourceTree = "<group>"; };
		18E36E2B1B4ACA1E00CB16D5 /* ObjectiveC_Uber_Unit2_UnitConverterAppTests.m */ = {isa = PBXFileReference; lastKnownFileType = sourcecode.c.objc; path = ObjectiveC_Uber_Unit2_UnitConverterAppTests.m; sourceTree = "<group>"; };
		2A4D504989381C77A7F4950C /* Pods.release.xcconfig */ = {isa = PBXFileReference; includeInIndex = 1; lastKnownFileType = text.xcconfig; name = Pods.release.xcconfig; path = "Pods/Target Support Files/Pods/Pods.release.xcconfig"; sourceTree = "<group>"; };
		EF3990625ACF579C361DE92B /* libPods.a */ = {isa = PBXFileReference; explicitFileType = archive.ar; includeInIndex = 0; path = libPods.a; sourceTree = BUILT_PRODUCTS_DIR; };
		F221497D22B90E39A1D6214F /* Pods.debug.xcconfig */ = {isa = PBXFileReference; includeInIndex = 1; lastKnownFileType = text.xcconfig; name = Pods.debug.xcconfig; path = "Pods/Target Support Files/Pods/Pods.debug.xcconfig"; sourceTree = "<group>"; };
/* End PBXFileReference section */

/* Begin PBXFrameworksBuildPhase section */
		18E36E091B4ACA1E00CB16D5 /* Frameworks */ = {
			isa = PBXFrameworksBuildPhase;
			buildActionMask = 2147483647;
			files = (
				DE170D22A9B007D5D551E7B9 /* libPods.a in Frameworks */,
			);
			runOnlyForDeploymentPostprocessing = 0;
		};
		18E36E221B4ACA1E00CB16D5 /* Frameworks */ = {
			isa = PBXFrameworksBuildPhase;
			buildActionMask = 2147483647;
			files = (
			);
			runOnlyForDeploymentPostprocessing = 0;
		};
/* End PBXFrameworksBuildPhase section */

/* Begin PBXGroup section */
		18E36E031B4ACA1E00CB16D5 = {
			isa = PBXGroup;
			children = (
				18E36E0E1B4ACA1E00CB16D5 /* ObjectiveC_Uber_Unit2_UnitConverterApp */,
				18E36E281B4ACA1E00CB16D5 /* ObjectiveC_Uber_Unit2_UnitConverterAppTests */,
				18E36E0D1B4ACA1E00CB16D5 /* Products */,
				A36429E5409F671B116D7CD7 /* Pods */,
				381388599C61AA023F40E1A9 /* Frameworks */,
			);
			sourceTree = "<group>";
		};
		18E36E0D1B4ACA1E00CB16D5 /* Products */ = {
			isa = PBXGroup;
			children = (
				18E36E0C1B4ACA1E00CB16D5 /* ObjectiveC_Uber_Unit2_UnitConverterApp.app */,
				18E36E251B4ACA1E00CB16D5 /* ObjectiveC_Uber_Unit2_UnitConverterAppTests.xctest */,
			);
			name = Products;
			sourceTree = "<group>";
		};
		18E36E0E1B4ACA1E00CB16D5 /* ObjectiveC_Uber_Unit2_UnitConverterApp */ = {
			isa = PBXGroup;
			children = (
				18E36E131B4ACA1E00CB16D5 /* AppDelegate.h */,
				18E36E141B4ACA1E00CB16D5 /* AppDelegate.m */,
				18E36E161B4ACA1E00CB16D5 /* ViewController.h */,
				18E36E171B4ACA1E00CB16D5 /* ViewController.m */,
				18E36E1C1B4ACA1E00CB16D5 /* Images.xcassets */,
				18E36E1E1B4ACA1E00CB16D5 /* LaunchScreen.xib */,
				18E36E0F1B4ACA1E00CB16D5 /* Supporting Files */,
			);
			path = ObjectiveC_Uber_Unit2_UnitConverterApp;
			sourceTree = "<group>";
		};
		18E36E0F1B4ACA1E00CB16D5 /* Supporting Files */ = {
			isa = PBXGroup;
			children = (
				18E36E101B4ACA1E00CB16D5 /* Info.plist */,
				18E36E111B4ACA1E00CB16D5 /* main.m */,
			);
			name = "Supporting Files";
			sourceTree = "<group>";
		};
		18E36E281B4ACA1E00CB16D5 /* ObjectiveC_Uber_Unit2_UnitConverterAppTests */ = {
			isa = PBXGroup;
			children = (
				18E36E2B1B4ACA1E00CB16D5 /* ObjectiveC_Uber_Unit2_UnitConverterAppTests.m */,
				18E36E291B4ACA1E00CB16D5 /* Supporting Files */,
			);
			path = ObjectiveC_Uber_Unit2_UnitConverterAppTests;
			sourceTree = "<group>";
		};
		18E36E291B4ACA1E00CB16D5 /* Supporting Files */ = {
			isa = PBXGroup;
			children = (
				18E36E2A1B4ACA1E00CB16D5 /* Info.plist */,
			);
			name = "Supporting Files";
			sourceTree = "<group>";
		};
		381388599C61AA023F40E1A9 /* Frameworks */ = {
			isa = PBXGroup;
			children = (
				EF3990625ACF579C361DE92B /* libPods.a */,
			);
			name = Frameworks;
			sourceTree = "<group>";
		};
		A36429E5409F671B116D7CD7 /* Pods */ = {
			isa = PBXGroup;
			children = (
				F221497D22B90E39A1D6214F /* Pods.debug.xcconfig */,
				2A4D504989381C77A7F4950C /* Pods.release.xcconfig */,
			);
			name = Pods;
			sourceTree = "<group>";
		};
/* End PBXGroup section */

/* Begin PBXNativeTarget section */
		18E36E0B1B4ACA1E00CB16D5 /* ObjectiveC_Uber_Unit2_UnitConverterApp */ = {
			isa = PBXNativeTarget;
			buildConfigurationList = 18E36E2F1B4ACA1E00CB16D5 /* Build configuration list for PBXNativeTarget "ObjectiveC_Uber_Unit2_UnitConverterApp" */;
			buildPhases = (
				64425C7EF8CE7AC1CB3BC7AA /* Check Pods Manifest.lock */,
				18E36E081B4ACA1E00CB16D5 /* Sources */,
				18E36E091B4ACA1E00CB16D5 /* Frameworks */,
				18E36E0A1B4ACA1E00CB16D5 /* Resources */,
				623480D7AEB28296F0049702 /* Copy Pods Resources */,
			);
			buildRules = (
			);
			dependencies = (
			);
			name = ObjectiveC_Uber_Unit2_UnitConverterApp;
			productName = ObjectiveC_Uber_Unit2_UnitConverterApp;
			productReference = 18E36E0C1B4ACA1E00CB16D5 /* ObjectiveC_Uber_Unit2_UnitConverterApp.app */;
			productType = "com.apple.product-type.application";
		};
		18E36E241B4ACA1E00CB16D5 /* ObjectiveC_Uber_Unit2_UnitConverterAppTests */ = {
			isa = PBXNativeTarget;
			buildConfigurationList = 18E36E321B4ACA1E00CB16D5 /* Build configuration list for PBXNativeTarget "ObjectiveC_Uber_Unit2_UnitConverterAppTests" */;
			buildPhases = (
				18E36E211B4ACA1E00CB16D5 /* Sources */,
				18E36E221B4ACA1E00CB16D5 /* Frameworks */,
				18E36E231B4ACA1E00CB16D5 /* Resources */,
			);
			buildRules = (
			);
			dependencies = (
				18E36E271B4ACA1E00CB16D5 /* PBXTargetDependency */,
			);
			name = ObjectiveC_Uber_Unit2_UnitConverterAppTests;
			productName = ObjectiveC_Uber_Unit2_UnitConverterAppTests;
			productReference = 18E36E251B4ACA1E00CB16D5 /* ObjectiveC_Uber_Unit2_UnitConverterAppTests.xctest */;
			productType = "com.apple.product-type.bundle.unit-test";
		};
/* End PBXNativeTarget section */

/* Begin PBXProject section */
		18E36E041B4ACA1E00CB16D5 /* Project object */ = {
			isa = PBXProject;
			attributes = {
				LastUpgradeCheck = 0640;
				ORGANIZATIONNAME = Thinkful;
				TargetAttributes = {
					18E36E0B1B4ACA1E00CB16D5 = {
						CreatedOnToolsVersion = 6.4;
					};
					18E36E241B4ACA1E00CB16D5 = {
						CreatedOnToolsVersion = 6.4;
						TestTargetID = 18E36E0B1B4ACA1E00CB16D5;
					};
				};
			};
			buildConfigurationList = 18E36E071B4ACA1E00CB16D5 /* Build configuration list for PBXProject "ObjectiveC_Uber_Unit2_UnitConverterApp" */;
			compatibilityVersion = "Xcode 3.2";
			developmentRegion = English;
			hasScannedForEncodings = 0;
			knownRegions = (
				en,
				Base,
			);
			mainGroup = 18E36E031B4ACA1E00CB16D5;
			productRefGroup = 18E36E0D1B4ACA1E00CB16D5 /* Products */;
			projectDirPath = "";
			projectRoot = "";
			targets = (
				18E36E0B1B4ACA1E00CB16D5 /* ObjectiveC_Uber_Unit2_UnitConverterApp */,
				18E36E241B4ACA1E00CB16D5 /* ObjectiveC_Uber_Unit2_UnitConverterAppTests */,
			);
		};
/* End PBXProject section */

/* Begin PBXResourcesBuildPhase section */
		18E36E0A1B4ACA1E00CB16D5 /* Resources */ = {
			isa = PBXResourcesBuildPhase;
			buildActionMask = 2147483647;
			files = (
				18E36E201B4ACA1E00CB16D5 /* LaunchScreen.xib in Resources */,
				18E36E1D1B4ACA1E00CB16D5 /* Images.xcassets in Resources */,
			);
			runOnlyForDeploymentPostprocessing = 0;
		};
		18E36E231B4ACA1E00CB16D5 /* Resources */ = {
			isa = PBXResourcesBuildPhase;
			buildActionMask = 2147483647;
			files = (
			);
			runOnlyForDeploymentPostprocessing = 0;
		};
/* End PBXResourcesBuildPhase section */

/* Begin PBXShellScriptBuildPhase section */
		623480D7AEB28296F0049702 /* Copy Pods Resources */ = {
			isa = PBXShellScriptBuildPhase;
			buildActionMask = 2147483647;
			files = (
			);
			inputPaths = (
			);
			name = "Copy Pods Resources";
			outputPaths = (
			);
			runOnlyForDeploymentPostprocessing = 0;
			shellPath = /bin/sh;
			shellScript = "\"${SRCROOT}/Pods/Target Support Files/Pods/Pods-resources.sh\"\n";
			showEnvVarsInLog = 0;
		};
		64425C7EF8CE7AC1CB3BC7AA /* Check Pods Manifest.lock */ = {
			isa = PBXShellScriptBuildPhase;
			buildActionMask = 2147483647;
			files = (
			);
			inputPaths = (
			);
			name = "Check Pods Manifest.lock";
			outputPaths = (
			);
			runOnlyForDeploymentPostprocessing = 0;
			shellPath = /bin/sh;
			shellScript = "diff \"${PODS_ROOT}/../Podfile.lock\" \"${PODS_ROOT}/Manifest.lock\" > /dev/null\nif [[ $? != 0 ]] ; then\n    cat << EOM\nerror: The sandbox is not in sync with the Podfile.lock. Run 'pod install' or update your CocoaPods installation.\nEOM\n    exit 1\nfi\n";
			showEnvVarsInLog = 0;
		};
/* End PBXShellScriptBuildPhase section */

/* Begin PBXSourcesBuildPhase section */
		18E36E081B4ACA1E00CB16D5 /* Sources */ = {
			isa = PBXSourcesBuildPhase;
			buildActionMask = 2147483647;
			files = (
				18E36E181B4ACA1E00CB16D5 /* ViewController.m in Sources */,
				18E36E151B4ACA1E00CB16D5 /* AppDelegate.m in Sources */,
				18E36E121B4ACA1E00CB16D5 /* main.m in Sources */,
			);
			runOnlyForDeploymentPostprocessing = 0;
		};
		18E36E211B4ACA1E00CB16D5 /* Sources */ = {
			isa = PBXSourcesBuildPhase;
			buildActionMask = 2147483647;
			files = (
				18E36E2C1B4ACA1E00CB16D5 /* ObjectiveC_Uber_Unit2_UnitConverterAppTests.m in Sources */,
			);
			runOnlyForDeploymentPostprocessing = 0;
		};
/* End PBXSourcesBuildPhase section */

/* Begin PBXTargetDependency section */
		18E36E271B4ACA1E00CB16D5 /* PBXTargetDependency */ = {
			isa = PBXTargetDependency;
			target = 18E36E0B1B4ACA1E00CB16D5 /* ObjectiveC_Uber_Unit2_UnitConverterApp */;
			targetProxy = 18E36E261B4ACA1E00CB16D5 /* PBXContainerItemProxy */;
		};
/* End PBXTargetDependency section */

/* Begin PBXVariantGroup section */
		18E36E1E1B4ACA1E00CB16D5 /* LaunchScreen.xib */ = {
			isa = PBXVariantGroup;
			children = (
				18E36E1F1B4ACA1E00CB16D5 /* Base */,
			);
			name = LaunchScreen.xib;
			sourceTree = "<group>";
		};
/* End PBXVariantGroup section */

/* Begin XCBuildConfiguration section */
		18E36E2D1B4ACA1E00CB16D5 /* Debug */ = {
			isa = XCBuildConfiguration;
			buildSettings = {
				ALWAYS_SEARCH_USER_PATHS = NO;
				CLANG_CXX_LANGUAGE_STANDARD = "gnu++0x";
				CLANG_CXX_LIBRARY = "libc++";
				CLANG_ENABLE_MODULES = YES;
				CLANG_ENABLE_OBJC_ARC = YES;
				CLANG_WARN_BOOL_CONVERSION = YES;
				CLANG_WARN_CONSTANT_CONVERSION = YES;
				CLANG_WARN_DIRECT_OBJC_ISA_USAGE = YES_ERROR;
				CLANG_WARN_EMPTY_BODY = YES;
				CLANG_WARN_ENUM_CONVERSION = YES;
				CLANG_WARN_INT_CONVERSION = YES;
				CLANG_WARN_OBJC_ROOT_CLASS = YES_ERROR;
				CLANG_WARN_UNREACHABLE_CODE = YES;
				CLANG_WARN__DUPLICATE_METHOD_MATCH = YES;
				"CODE_SIGN_IDENTITY[sdk=iphoneos*]" = "iPhone Developer";
				COPY_PHASE_STRIP = NO;
				DEBUG_INFORMATION_FORMAT = "dwarf-with-dsym";
				ENABLE_STRICT_OBJC_MSGSEND = YES;
				GCC_C_LANGUAGE_STANDARD = gnu99;
				GCC_DYNAMIC_NO_PIC = NO;
				GCC_NO_COMMON_BLOCKS = YES;
				GCC_OPTIMIZATION_LEVEL = 0;
				GCC_PREPROCESSOR_DEFINITIONS = (
					"DEBUG=1",
					"$(inherited)",
				);
				GCC_SYMBOLS_PRIVATE_EXTERN = NO;
				GCC_WARN_64_TO_32_BIT_CONVERSION = YES;
				GCC_WARN_ABOUT_RETURN_TYPE = YES_ERROR;
				GCC_WARN_UNDECLARED_SELECTOR = YES;
				GCC_WARN_UNINITIALIZED_AUTOS = YES_AGGRESSIVE;
				GCC_WARN_UNUSED_FUNCTION = YES;
				GCC_WARN_UNUSED_VARIABLE = YES;
				IPHONEOS_DEPLOYMENT_TARGET = 8.4;
				MTL_ENABLE_DEBUG_INFO = YES;
				ONLY_ACTIVE_ARCH = YES;
				SDKROOT = iphoneos;
				TARGETED_DEVICE_FAMILY = "1,2";
			};
			name = Debug;
		};
		18E36E2E1B4ACA1E00CB16D5 /* Release */ = {
			isa = XCBuildConfiguration;
			buildSettings = {
				ALWAYS_SEARCH_USER_PATHS = NO;
				CLANG_CXX_LANGUAGE_STANDARD = "gnu++0x";
				CLANG_CXX_LIBRARY = "libc++";
				CLANG_ENABLE_MODULES = YES;
				CLANG_ENABLE_OBJC_ARC = YES;
				CLANG_WARN_BOOL_CONVERSION = YES;
				CLANG_WARN_CONSTANT_CONVERSION = YES;
				CLANG_WARN_DIRECT_OBJC_ISA_USAGE = YES_ERROR;
				CLANG_WARN_EMPTY_BODY = YES;
				CLANG_WARN_ENUM_CONVERSION = YES;
				CLANG_WARN_INT_CONVERSION = YES;
				CLANG_WARN_OBJC_ROOT_CLASS = YES_ERROR;
				CLANG_WARN_UNREACHABLE_CODE = YES;
				CLANG_WARN__DUPLICATE_METHOD_MATCH = YES;
				"CODE_SIGN_IDENTITY[sdk=iphoneos*]" = "iPhone Developer";
				COPY_PHASE_STRIP = NO;
				DEBUG_INFORMATION_FORMAT = "dwarf-with-dsym";
				ENABLE_NS_ASSERTIONS = NO;
				ENABLE_STRICT_OBJC_MSGSEND = YES;
				GCC_C_LANGUAGE_STANDARD = gnu99;
				GCC_NO_COMMON_BLOCKS = YES;
				GCC_WARN_64_TO_32_BIT_CONVERSION = YES;
				GCC_WARN_ABOUT_RETURN_TYPE = YES_ERROR;
				GCC_WARN_UNDECLARED_SELECTOR = YES;
				GCC_WARN_UNINITIALIZED_AUTOS = YES_AGGRESSIVE;
				GCC_WARN_UNUSED_FUNCTION = YES;
				GCC_WARN_UNUSED_VARIABLE = YES;
				IPHONEOS_DEPLOYMENT_TARGET = 8.4;
				MTL_ENABLE_DEBUG_INFO = NO;
				SDKROOT = iphoneos;
				TARGETED_DEVICE_FAMILY = "1,2";
				VALIDATE_PRODUCT = YES;
			};
			name = Release;
		};
		18E36E301B4ACA1E00CB16D5 /* Debug */ = {
			isa = XCBuildConfiguration;
			baseConfigurationReference = F221497D22B90E39A1D6214F /* Pods.debug.xcconfig */;
			buildSettings = {
				ASSETCATALOG_COMPILER_APPICON_NAME = AppIcon;
				INFOPLIST_FILE = ObjectiveC_Uber_Unit2_UnitConverterApp/Info.plist;
				LD_RUNPATH_SEARCH_PATHS = "$(inherited) @executable_path/Frameworks";
				PRODUCT_NAME = "$(TARGET_NAME)";
			};
			name = Debug;
		};
		18E36E311B4ACA1E00CB16D5 /* Release */ = {
			isa = XCBuildConfiguration;
			baseConfigurationReference = 2A4D504989381C77A7F4950C /* Pods.release.xcconfig */;
			buildSettings = {
				ASSETCATALOG_COMPILER_APPICON_NAME = AppIcon;
				INFOPLIST_FILE = ObjectiveC_Uber_Unit2_UnitConverterApp/Info.plist;
				LD_RUNPATH_SEARCH_PATHS = "$(inherited) @executable_path/Frameworks";
				PRODUCT_NAME = "$(TARGET_NAME)";
			};
			name = Release;
		};
		18E36E331B4ACA1E00CB16D5 /* Debug */ = {
			isa = XCBuildConfiguration;
			buildSettings = {
				BUNDLE_LOADER = "$(TEST_HOST)";
				FRAMEWORK_SEARCH_PATHS = (
					"$(SDKROOT)/Developer/Library/Frameworks",
					"$(inherited)",
				);
				GCC_PREPROCESSOR_DEFINITIONS = (
					"DEBUG=1",
					"$(inherited)",
				);
				INFOPLIST_FILE = ObjectiveC_Uber_Unit2_UnitConverterAppTests/Info.plist;
				LD_RUNPATH_SEARCH_PATHS = "$(inherited) @executable_path/Frameworks @loader_path/Frameworks";
				PRODUCT_NAME = "$(TARGET_NAME)";
				TEST_HOST = "$(BUILT_PRODUCTS_DIR)/ObjectiveC_Uber_Unit2_UnitConverterApp.app/ObjectiveC_Uber_Unit2_UnitConverterApp";
			};
			name = Debug;
		};
		18E36E341B4ACA1E00CB16D5 /* Release */ = {
			isa = XCBuildConfiguration;
			buildSettings = {
				BUNDLE_LOADER = "$(TEST_HOST)";
				FRAMEWORK_SEARCH_PATHS = (
					"$(SDKROOT)/Developer/Library/Frameworks",
					"$(inherited)",
				);
				INFOPLIST_FILE = ObjectiveC_Uber_Unit2_UnitConverterAppTests/Info.plist;
				LD_RUNPATH_SEARCH_PATHS = "$(inherited) @executable_path/Frameworks @loader_path/Frameworks";
				PRODUCT_NAME = "$(TARGET_NAME)";
				TEST_HOST = "$(BUILT_PRODUCTS_DIR)/ObjectiveC_Uber_Unit2_UnitConverterApp.app/ObjectiveC_Uber_Unit2_UnitConverterApp";
			};
			name = Release;
		};
/* End XCBuildConfiguration section */

/* Begin XCConfigurationList section */
		18E36E071B4ACA1E00CB16D5 /* Build configuration list for PBXProject "ObjectiveC_Uber_Unit2_UnitConverterApp" */ = {
			isa = XCConfigurationList;
			buildConfigurations = (
				18E36E2D1B4ACA1E00CB16D5 /* Debug */,
				18E36E2E1B4ACA1E00CB16D5 /* Release */,
			);
			defaultConfigurationIsVisible = 0;
			defaultConfigurationName = Release;
		};
		18E36E2F1B4ACA1E00CB16D5 /* Build configuration list for PBXNativeTarget "ObjectiveC_Uber_Unit2_UnitConverterApp" */ = {
			isa = XCConfigurationList;
			buildConfigurations = (
				18E36E301B4ACA1E00CB16D5 /* Debug */,
				18E36E311B4ACA1E00CB16D5 /* Release */,
			);
			defaultConfigurationIsVisible = 0;
			defaultConfigurationName = Release;
		};
		18E36E321B4ACA1E00CB16D5 /* Build configuration list for PBXNativeTarget "ObjectiveC_Uber_Unit2_UnitConverterAppTests" */ = {
			isa = XCConfigurationList;
			buildConfigurations = (
				18E36E331B4ACA1E00CB16D5 /* Debug */,
				18E36E341B4ACA1E00CB16D5 /* Release */,
			);
			defaultConfigurationIsVisible = 0;
			defaultConfigurationName = Release;
		};
/* End XCConfigurationList section */
	};
	rootObject = 18E36E041B4ACA1E00CB16D5 /* Project object */;
}
